
Microsoft Visual Studio Solution File, Format Version 12.00
# Visual Studio Version 17
VisualStudioVersion = 17.11.35303.130
MinimumVisualStudioVersion = 10.0.40219.1
Project("{FAE04EC0-301F-11D3-BF4B-00C04F79EFBC}") = "serialPort", "serialPort\serialPort.csproj", "{9E12ED51-B696-40AB-BE2C-E4796A4D1012}"
EndProject
Project("{2150E333-8FDC-42A3-9474-1A3956D46DE8}") = "解决方案项", "解决方案项", "{4EDB4A8D-F5EA-4D4C-A601-2371099C002D}"
	ProjectSection(SolutionItems) = preProject
		ModbusRtuClient.cs = ModbusRtuClient.cs
	EndProjectSection
EndProject
Global
	GlobalSection(SolutionConfigurationPlatforms) = preSolution
		Debug|Any CPU = Debug|Any CPU
		Release|Any CPU = Release|Any CPU
	EndGlobalSection
	GlobalSection(ProjectConfigurationPlatforms) = postSolution
		{9E12ED51-B696-40AB-BE2C-E4796A4D1012}.Debug|Any CPU.ActiveCfg = Debug|Any CPU
		{9E12ED51-B696-40AB-BE2C-E4796A4D1012}.Debug|Any CPU.Build.0 = Debug|Any CPU
		{9E12ED51-B696-40AB-BE2C-E4796A4D1012}.Release|Any CPU.ActiveCfg = Release|Any CPU
		{9E12ED51-B696-40AB-BE2C-E4796A4D1012}.Release|Any CPU.Build.0 = Release|Any CPU
	EndGlobalSection
	GlobalSection(SolutionProperties) = preSolution
		HideSolutionNode = FALSE
	EndGlobalSection
	GlobalSection(ExtensibilityGlobals) = postSolution
		SolutionGuid = {42760C70-82F4-425C-B871-4DB354872434}
	EndGlobalSection
EndGlobal
